
Microsoft Visual Studio Solution File, Format Version 12.00
# Visual Studio 15
VisualStudioVersion = 15.0.28307.329
MinimumVisualStudioVersion = 10.0.40219.1
Project("{9A19103F-16F7-4668-BE54-9A1E7A4F7556}") = "WebShop", "WebShop\WebShop.csproj", "{7FF30C01-0CDE-4484-A1AE-D52EE8D9FEA5}"
EndProject
Project("{FAE04EC0-301F-11D3-BF4B-00C04F79EFBC}") = "WebShop.UnitTests", "WebShop.UnitTests\WebShop.UnitTests.csproj", "{B9FB8A2E-FA0E-4690-8D93-CDCAF053CE05}"
EndProject
Global
	GlobalSection(SolutionConfigurationPlatforms) = preSolution
		Debug|Any CPU = Debug|Any CPU
		Release|Any CPU = Release|Any CPU
	EndGlobalSection
	GlobalSection(ProjectConfigurationPlatforms) = postSolution
		{7FF30C01-0CDE-4484-A1AE-D52EE8D9FEA5}.Debug|Any CPU.ActiveCfg = Debug|Any CPU
		{7FF30C01-0CDE-4484-A1AE-D52EE8D9FEA5}.Debug|Any CPU.Build.0 = Debug|Any CPU
		{7FF30C01-0CDE-4484-A1AE-D52EE8D9FEA5}.Release|Any CPU.ActiveCfg = Release|Any CPU
		{7FF30C01-0CDE-4484-A1AE-D52EE8D9FEA5}.Release|Any CPU.Build.0 = Release|Any CPU
		{B9FB8A2E-FA0E-4690-8D93-CDCAF053CE05}.Debug|Any CPU.ActiveCfg = Debug|Any CPU
		{B9FB8A2E-FA0E-4690-8D93-CDCAF053CE05}.Debug|Any CPU.Build.0 = Debug|Any CPU
		{B9FB8A2E-FA0E-4690-8D93-CDCAF053CE05}.Release|Any CPU.ActiveCfg = Release|Any CPU
		{B9FB8A2E-FA0E-4690-8D93-CDCAF053CE05}.Release|Any CPU.Build.0 = Release|Any CPU
	EndGlobalSection
	GlobalSection(SolutionProperties) = preSolution
		HideSolutionNode = FALSE
	EndGlobalSection
	GlobalSection(ExtensibilityGlobals) = postSolution
		SolutionGuid = {65A8DB47-FC09-4E9D-A9A4-358816719FD3}
	EndGlobalSection
EndGlobal
